<?xml version="1.0" encoding="utf-8"?>
<Project ToolsVersion="4.0" xmlns="http://schemas.microsoft.com/developer/msbuild/2003">
  <ItemGroup>
    <Filter Include="Source Files">
      <UniqueIdentifier>{4FC737F1-C7A5-4376-A066-2A32D752A2FF}</UniqueIdentifier>
      <Extensions>cpp;c;cc;cxx;c++;cppm;ixx;def;odl;idl;hpj;bat;asm;asmx</Extensions>
    </Filter>
    <Filter Include="Header Files">
      <UniqueIdentifier>{93995380-89BD-4b04-88EB-625FBE52EBFB}</UniqueIdentifier>
      <Extensions>h;hh;hpp;hxx;h++;hm;inl;inc;ipp;xsd</Extensions>
    </Filter>
    <Filter Include="Resource Files">
      <UniqueIdentifier>{67DA6AB6-F800-4c08-8B7A-83BB121AAD01}</UniqueIdentifier>
      <Extensions>rc;ico;cur;bmp;dlg;rc2;rct;bin;rgs;gif;jpg;jpeg;jpe;resx;tiff;tif;png;wav;mfcribbon-ms</Extensions>
    </Filter>
  </ItemGroup>
  <ItemGroup>
    <ClInclude Include="libs\spdlog\cfg\argv.h">
      <Filter>Header Files</Filter>
    </ClInclude>
    <ClInclude Include="libs\spdlog\cfg\env.h">
      <Filter>Header Files</Filter>
    </ClInclude>
    <ClInclude Include="libs\spdlog\cfg\helpers.h">
      <Filter>Header Files</Filter>
    </ClInclude>
    <ClInclude Include="libs\spdlog\cfg\helpers-inl.h">
      <Filter>Header Files</Filter>
    </ClInclude>
    <ClInclude Include="libs\spdlog\details\backtracer.h">
      <Filter>Header Files</Filter>
    </ClInclude>
    <ClInclude Include="libs\spdlog\details\backtracer-inl.h">
      <Filter>Header Files</Filter>
    </ClInclude>
    <ClInclude Include="libs\spdlog\details\circular_q.h">
      <Filter>Header Files</Filter>
    </ClInclude>
    <ClInclude Include="libs\spdlog\details\console_globals.h">
      <Filter>Header Files</Filter>
    </ClInclude>
    <ClInclude Include="libs\spdlog\details\file_helper.h">
      <Filter>Header Files</Filter>
    </ClInclude>
    <ClInclude Include="libs\spdlog\details\file_helper-inl.h">
      <Filter>Header Files</Filter>
    </ClInclude>
    <ClInclude Include="libs\spdlog\details\fmt_helper.h">
      <Filter>Header Files</Filter>
    </ClInclude>
    <ClInclude Include="libs\spdlog\details\log_msg.h">
      <Filter>Header Files</Filter>
    </ClInclude>
    <ClInclude Include="libs\spdlog\details\log_msg_buffer.h">
      <Filter>Header Files</Filter>
    </ClInclude>
    <ClInclude Include="libs\spdlog\details\log_msg_buffer-inl.h">
      <Filter>Header Files</Filter>
    </ClInclude>
    <ClInclude Include="libs\spdlog\details\log_msg-inl.h">
      <Filter>Header Files</Filter>
    </ClInclude>
    <ClInclude Include="libs\spdlog\details\mpmc_blocking_q.h">
      <Filter>Header Files</Filter>
    </ClInclude>
    <ClInclude Include="libs\spdlog\details\null_mutex.h">
      <Filter>Header Files</Filter>
    </ClInclude>
    <ClInclude Include="libs\spdlog\details\os.h">
      <Filter>Header Files</Filter>
    </ClInclude>
    <ClInclude Include="libs\spdlog\details\os-inl.h">
      <Filter>Header Files</Filter>
    </ClInclude>
    <ClInclude Include="libs\spdlog\details\periodic_worker.h">
      <Filter>Header Files</Filter>
    </ClInclude>
    <ClInclude Include="libs\spdlog\details\periodic_worker-inl.h">
      <Filter>Header Files</Filter>
    </ClInclude>
    <ClInclude Include="libs\spdlog\details\registry.h">
      <Filter>Header Files</Filter>
    </ClInclude>
    <ClInclude Include="libs\spdlog\details\registry-inl.h">
      <Filter>Header Files</Filter>
    </ClInclude>
    <ClInclude Include="libs\spdlog\details\synchronous_factory.h">
      <Filter>Header Files</Filter>
    </ClInclude>
    <ClInclude Include="libs\spdlog\details\tcp_client.h">
      <Filter>Header Files</Filter>
    </ClInclude>
    <ClInclude Include="libs\spdlog\details\tcp_client-windows.h">
      <Filter>Header Files</Filter>
    </ClInclude>
    <ClInclude Include="libs\spdlog\details\thread_pool.h">
      <Filter>Header Files</Filter>
    </ClInclude>
    <ClInclude Include="libs\spdlog\details\thread_pool-inl.h">
      <Filter>Header Files</Filter>
    </ClInclude>
    <ClInclude Include="libs\spdlog\details\udp_client.h">
      <Filter>Header Files</Filter>
    </ClInclude>
    <ClInclude Include="libs\spdlog\details\udp_client-windows.h">
      <Filter>Header Files</Filter>
    </ClInclude>
    <ClInclude Include="libs\spdlog\details\windows_include.h">
      <Filter>Header Files</Filter>
    </ClInclude>
    <ClInclude Include="libs\spdlog\fmt\bundled\args.h">
      <Filter>Header Files</Filter>
    </ClInclude>
    <ClInclude Include="libs\spdlog\fmt\bundled\base.h">
      <Filter>Header Files</Filter>
    </ClInclude>
    <ClInclude Include="libs\spdlog\fmt\bundled\chrono.h">
      <Filter>Header Files</Filter>
    </ClInclude>
    <ClInclude Include="libs\spdlog\fmt\bundled\color.h">
      <Filter>Header Files</Filter>
    </ClInclude>
    <ClInclude Include="libs\spdlog\fmt\bundled\compile.h">
      <Filter>Header Files</Filter>
    </ClInclude>
    <ClInclude Include="libs\spdlog\fmt\bundled\core.h">
      <Filter>Header Files</Filter>
    </ClInclude>
    <ClInclude Include="libs\spdlog\fmt\bundled\format.h">
      <Filter>Header Files</Filter>
    </ClInclude>
    <ClInclude Include="libs\spdlog\fmt\bundled\format-inl.h">
      <Filter>Header Files</Filter>
    </ClInclude>
    <ClInclude Include="libs\spdlog\fmt\bundled\locale.h">
      <Filter>Header Files</Filter>
    </ClInclude>
    <ClInclude Include="libs\spdlog\fmt\bundled\os.h">
      <Filter>Header Files</Filter>
    </ClInclude>
    <ClInclude Include="libs\spdlog\fmt\bundled\ostream.h">
      <Filter>Header Files</Filter>
    </ClInclude>
    <ClInclude Include="libs\spdlog\fmt\bundled\printf.h">
      <Filter>Header Files</Filter>
    </ClInclude>
    <ClInclude Include="libs\spdlog\fmt\bundled\ranges.h">
      <Filter>Header Files</Filter>
    </ClInclude>
    <ClInclude Include="libs\spdlog\fmt\bundled\std.h">
      <Filter>Header Files</Filter>
    </ClInclude>
    <ClInclude Include="libs\spdlog\fmt\bundled\xchar.h">
      <Filter>Header Files</Filter>
    </ClInclude>
    <ClInclude Include="libs\spdlog\fmt\bin_to_hex.h">
      <Filter>Header Files</Filter>
    </ClInclude>
    <ClInclude Include="libs\spdlog\fmt\chrono.h">
      <Filter>Header Files</Filter>
    </ClInclude>
    <ClInclude Include="libs\spdlog\fmt\compile.h">
      <Filter>Header Files</Filter>
    </ClInclude>
    <ClInclude Include="libs\spdlog\fmt\fmt.h">
      <Filter>Header Files</Filter>
    </ClInclude>
    <ClInclude Include="libs\spdlog\fmt\ostr.h">
      <Filter>Header Files</Filter>
    </ClInclude>
    <ClInclude Include="libs\spdlog\fmt\ranges.h">
      <Filter>Header Files</Filter>
    </ClInclude>
    <ClInclude Include="libs\spdlog\fmt\std.h">
      <Filter>Header Files</Filter>
    </ClInclude>
    <ClInclude Include="libs\spdlog\fmt\xchar.h">
      <Filter>Header Files</Filter>
    </ClInclude>
    <ClInclude Include="libs\spdlog\sinks\android_sink.h">
      <Filter>Header Files</Filter>
    </ClInclude>
    <ClInclude Include="libs\spdlog\sinks\ansicolor_sink.h">
      <Filter>Header Files</Filter>
    </ClInclude>
    <ClInclude Include="libs\spdlog\sinks\ansicolor_sink-inl.h">
      <Filter>Header Files</Filter>
    </ClInclude>
    <ClInclude Include="libs\spdlog\sinks\base_sink.h">
      <Filter>Header Files</Filter>
    </ClInclude>
    <ClInclude Include="libs\spdlog\sinks\base_sink-inl.h">
      <Filter>Header Files</Filter>
    </ClInclude>
    <ClInclude Include="libs\spdlog\sinks\basic_file_sink.h">
      <Filter>Header Files</Filter>
    </ClInclude>
    <ClInclude Include="libs\spdlog\sinks\basic_file_sink-inl.h">
      <Filter>Header Files</Filter>
    </ClInclude>
    <ClInclude Include="libs\spdlog\sinks\callback_sink.h">
      <Filter>Header Files</Filter>
    </ClInclude>
    <ClInclude Include="libs\spdlog\sinks\daily_file_sink.h">
      <Filter>Header Files</Filter>
    </ClInclude>
    <ClInclude Include="libs\spdlog\sinks\dist_sink.h">
      <Filter>Header Files</Filter>
    </ClInclude>
    <ClInclude Include="libs\spdlog\sinks\dup_filter_sink.h">
      <Filter>Header Files</Filter>
    </ClInclude>
    <ClInclude Include="libs\spdlog\sinks\hourly_file_sink.h">
      <Filter>Header Files</Filter>
    </ClInclude>
    <ClInclude Include="libs\spdlog\sinks\kafka_sink.h">
      <Filter>Header Files</Filter>
    </ClInclude>
    <ClInclude Include="libs\spdlog\sinks\mongo_sink.h">
      <Filter>Header Files</Filter>
    </ClInclude>
    <ClInclude Include="libs\spdlog\sinks\msvc_sink.h">
      <Filter>Header Files</Filter>
    </ClInclude>
    <ClInclude Include="libs\spdlog\sinks\null_sink.h">
      <Filter>Header Files</Filter>
    </ClInclude>
    <ClInclude Include="libs\spdlog\sinks\ostream_sink.h">
      <Filter>Header Files</Filter>
    </ClInclude>
    <ClInclude Include="libs\spdlog\sinks\qt_sinks.h">
      <Filter>Header Files</Filter>
    </ClInclude>
    <ClInclude Include="libs\spdlog\sinks\ringbuffer_sink.h">
      <Filter>Header Files</Filter>
    </ClInclude>
    <ClInclude Include="libs\spdlog\sinks\rotating_file_sink.h">
      <Filter>Header Files</Filter>
    </ClInclude>
    <ClInclude Include="libs\spdlog\sinks\rotating_file_sink-inl.h">
      <Filter>Header Files</Filter>
    </ClInclude>
    <ClInclude Include="libs\spdlog\sinks\sink.h">
      <Filter>Header Files</Filter>
    </ClInclude>
    <ClInclude Include="libs\spdlog\sinks\sink-inl.h">
      <Filter>Header Files</Filter>
    </ClInclude>
    <ClInclude Include="libs\spdlog\sinks\stdout_color_sinks.h">
      <Filter>Header Files</Filter>
    </ClInclude>
    <ClInclude Include="libs\spdlog\sinks\stdout_color_sinks-inl.h">
      <Filter>Header Files</Filter>
    </ClInclude>
    <ClInclude Include="libs\spdlog\sinks\stdout_sinks.h">
      <Filter>Header Files</Filter>
    </ClInclude>
    <ClInclude Include="libs\spdlog\sinks\stdout_sinks-inl.h">
      <Filter>Header Files</Filter>
    </ClInclude>
    <ClInclude Include="libs\spdlog\sinks\syslog_sink.h">
      <Filter>Header Files</Filter>
    </ClInclude>
    <ClInclude Include="libs\spdlog\sinks\systemd_sink.h">
      <Filter>Header Files</Filter>
    </ClInclude>
    <ClInclude Include="libs\spdlog\sinks\tcp_sink.h">
      <Filter>Header Files</Filter>
    </ClInclude>
    <ClInclude Include="libs\spdlog\sinks\udp_sink.h">
      <Filter>Header Files</Filter>
    </ClInclude>
    <ClInclude Include="libs\spdlog\sinks\win_eventlog_sink.h">
      <Filter>Header Files</Filter>
    </ClInclude>
    <ClInclude Include="libs\spdlog\sinks\wincolor_sink.h">
      <Filter>Header Files</Filter>
    </ClInclude>
    <ClInclude Include="libs\spdlog\sinks\wincolor_sink-inl.h">
      <Filter>Header Files</Filter>
    </ClInclude>
    <ClInclude Include="libs\spdlog\async.h">
      <Filter>Header Files</Filter>
    </ClInclude>
    <ClInclude Include="libs\spdlog\async_logger.h">
      <Filter>Header Files</Filter>
    </ClInclude>
    <ClInclude Include="libs\spdlog\async_logger-inl.h">
      <Filter>Header Files</Filter>
    </ClInclude>
    <ClInclude Include="libs\spdlog\common.h">
      <Filter>Header Files</Filter>
    </ClInclude>
    <ClInclude Include="libs\spdlog\common-inl.h">
      <Filter>Header Files</Filter>
    </ClInclude>
    <ClInclude Include="libs\spdlog\formatter.h">
      <Filter>Header Files</Filter>
    </ClInclude>
    <ClInclude Include="libs\spdlog\fwd.h">
      <Filter>Header Files</Filter>
    </ClInclude>
    <ClInclude Include="libs\spdlog\logger.h">
      <Filter>Header Files</Filter>
    </ClInclude>
    <ClInclude Include="libs\spdlog\logger-inl.h">
      <Filter>Header Files</Filter>
    </ClInclude>
    <ClInclude Include="libs\spdlog\mdc.h">
      <Filter>Header Files</Filter>
    </ClInclude>
    <ClInclude Include="libs\spdlog\pattern_formatter.h">
      <Filter>Header Files</Filter>
    </ClInclude>
    <ClInclude Include="libs\spdlog\pattern_formatter-inl.h">
      <Filter>Header Files</Filter>
    </ClInclude>
    <ClInclude Include="libs\spdlog\spdlog.h">
      <Filter>Header Files</Filter>
    </ClInclude>
    <ClInclude Include="libs\spdlog\spdlog-inl.h">
      <Filter>Header Files</Filter>
    </ClInclude>
    <ClInclude Include="libs\spdlog\stopwatch.h">
      <Filter>Header Files</Filter>
    </ClInclude>
    <ClInclude Include="libs\spdlog\tweakme.h">
      <Filter>Header Files</Filter>
    </ClInclude>
    <ClInclude Include="libs\spdlog\version.h">
      <Filter>Header Files</Filter>
    </ClInclude>
    <ClInclude Include="includes\xenon\utility\vec2.hpp">
      <Filter>Header Files</Filter>
    </ClInclude>
    <ClInclude Include="includes\xenon\utility\vec3.hpp">
      <Filter>Header Files</Filter>
    </ClInclude>
    <ClInclude Include="includes\xenon\configs\aim_config.hpp">
      <Filter>Header Files</Filter>
    </ClInclude>
    <ClInclude Include="includes\xenon\utility\random.hpp">
      <Filter>Header Files</Filter>
    </ClInclude>
    <ClInclude Include="includes\xenon\utility\fonts.h">
      <Filter>Header Files</Filter>
    </ClInclude>
    <ClInclude Include="includes\xenon\configs\ui_config.hpp">
      <Filter>Header Files</Filter>
    </ClInclude>
    <ClInclude Include="includes\xenon\core\system.hpp">
      <Filter>Header Files</Filter>
    </ClInclude>
    <ClInclude Include="includes\xenon\core\builder.hpp">
      <Filter>Header Files</Filter>
    </ClInclude>
    <ClInclude Include="libs\minhook\include\MinHook.h">
      <Filter>Header Files</Filter>
    </ClInclude>
    <ClInclude Include="libs\minhook\src\hde\hde32.h">
      <Filter>Header Files</Filter>
    </ClInclude>
    <ClInclude Include="libs\minhook\src\hde\hde64.h">
      <Filter>Header Files</Filter>
    </ClInclude>
    <ClInclude Include="libs\minhook\src\hde\pstdint.h">
      <Filter>Header Files</Filter>
    </ClInclude>
    <ClInclude Include="libs\minhook\src\hde\table32.h">
      <Filter>Header Files</Filter>
    </ClInclude>
    <ClInclude Include="libs\minhook\src\hde\table64.h">
      <Filter>Header Files</Filter>
    </ClInclude>
    <ClInclude Include="libs\minhook\src\buffer.h">
      <Filter>Header Files</Filter>
    </ClInclude>
    <ClInclude Include="libs\minhook\src\trampoline.h">
      <Filter>Header Files</Filter>
    </ClInclude>
    <ClInclude Include="includes\xenon\core\cheat.hpp">
      <Filter>Header Files</Filter>
    </ClInclude>
    <ClInclude Include="libs\sol\config.hpp">
      <Filter>Header Files</Filter>
    </ClInclude>
    <ClInclude Include="libs\sol\forward.hpp">
      <Filter>Header Files</Filter>
    </ClInclude>
    <ClInclude Include="libs\sol\sol.hpp">
      <Filter>Header Files</Filter>
    </ClInclude>
    <ClInclude Include="libs\lua\lapi.h">
      <Filter>Header Files</Filter>
    </ClInclude>
    <ClInclude Include="libs\lua\lauxlib.h">
      <Filter>Header Files</Filter>
    </ClInclude>
    <ClInclude Include="libs\lua\lcode.h">
      <Filter>Header Files</Filter>
    </ClInclude>
    <ClInclude Include="libs\lua\lctype.h">
      <Filter>Header Files</Filter>
    </ClInclude>
    <ClInclude Include="libs\lua\ldebug.h">
      <Filter>Header Files</Filter>
    </ClInclude>
    <ClInclude Include="libs\lua\ldo.h">
      <Filter>Header Files</Filter>
    </ClInclude>
    <ClInclude Include="libs\lua\lfunc.h">
      <Filter>Header Files</Filter>
    </ClInclude>
    <ClInclude Include="libs\lua\lgc.h">
      <Filter>Header Files</Filter>
    </ClInclude>
    <ClInclude Include="libs\lua\ljumptab.h">
      <Filter>Header Files</Filter>
    </ClInclude>
    <ClInclude Include="libs\lua\llex.h">
      <Filter>Header Files</Filter>
    </ClInclude>
    <ClInclude Include="libs\lua\llimits.h">
      <Filter>Header Files</Filter>
    </ClInclude>
    <ClInclude Include="libs\lua\lmem.h">
      <Filter>Header Files</Filter>
    </ClInclude>
    <ClInclude Include="libs\lua\lobject.h">
      <Filter>Header Files</Filter>
    </ClInclude>
    <ClInclude Include="libs\lua\lopcodes.h">
      <Filter>Header Files</Filter>
    </ClInclude>
    <ClInclude Include="libs\lua\lopnames.h">
      <Filter>Header Files</Filter>
    </ClInclude>
    <ClInclude Include="libs\lua\lparser.h">
      <Filter>Header Files</Filter>
    </ClInclude>
    <ClInclude Include="libs\lua\lprefix.h">
      <Filter>Header Files</Filter>
    </ClInclude>
    <ClInclude Include="libs\lua\lstate.h">
      <Filter>Header Files</Filter>
    </ClInclude>
    <ClInclude Include="libs\lua\lstring.h">
      <Filter>Header Files</Filter>
    </ClInclude>
    <ClInclude Include="libs\lua\ltable.h">
      <Filter>Header Files</Filter>
    </ClInclude>
    <ClInclude Include="libs\lua\ltm.h">
      <Filter>Header Files</Filter>
    </ClInclude>
    <ClInclude Include="libs\lua\lua.h">
      <Filter>Header Files</Filter>
    </ClInclude>
    <ClInclude Include="libs\lua\lua.hpp">
      <Filter>Header Files</Filter>
    </ClInclude>
    <ClInclude Include="libs\lua\luaconf.h">
      <Filter>Header Files</Filter>
    </ClInclude>
    <ClInclude Include="libs\lua\lualib.h">
      <Filter>Header Files</Filter>
    </ClInclude>
    <ClInclude Include="libs\lua\lundump.h">
      <Filter>Header Files</Filter>
    </ClInclude>
    <ClInclude Include="libs\lua\lvm.h">
      <Filter>Header Files</Filter>
    </ClInclude>
    <ClInclude Include="libs\lua\lzio.h">
      <Filter>Header Files</Filter>
    </ClInclude>
    <ClInclude Include="includes\xenon\models\hotkey.hpp">
      <Filter>Header Files</Filter>
    </ClInclude>
    <ClInclude Include="includes\xenon\models\enums\rendering_hook_type.hpp">
      <Filter>Header Files</Filter>
    </ClInclude>
    <ClInclude Include="includes\xenon\models\enums\unityengine_type.hpp">
      <Filter>Header Files</Filter>
    </ClInclude>
    <ClInclude Include="includes\xenon\models\quickactions\quickactions.hpp">
      <Filter>Header Files</Filter>
    </ClInclude>
    <ClInclude Include="includes\xenon\models\quickactions\quickaction_checkbox.hpp">
      <Filter>Header Files</Filter>
    </ClInclude>
    <ClInclude Include="includes\xenon\models\quickactions\quickaction_button.hpp">
      <Filter>Header Files</Filter>
    </ClInclude>
    <ClInclude Include="includes\xenon\models\quickactions\quickaction_slider.hpp">
      <Filter>Header Files</Filter>
    </ClInclude>
    <ClInclude Include="includes\xenon\models\quickactions\quickaction.hpp">
      <Filter>Header Files</Filter>
    </ClInclude>
    <ClInclude Include="includes\xenon\configs\esp_config.hpp">
      <Filter>Header Files</Filter>
    </ClInclude>
    <ClInclude Include="includes\xenon\configs\radar_config.hpp">
      <Filter>Header Files</Filter>
    </ClInclude>
    <ClInclude Include="includes\xenon\configs\game_variables.hpp">
      <Filter>Header Files</Filter>
    </ClInclude>
    <ClInclude Include="includes\xenon\models\enums\radar_shape.hpp">
      <Filter>Header Files</Filter>
    </ClInclude>
    <ClInclude Include="includes\xenon\xenon.hpp">
      <Filter>Header Files</Filter>
    </ClInclude>
    <ClInclude Include="includes\xenon\configs\waypoints_config.hpp">
      <Filter>Header Files</Filter>
    </ClInclude>
    <ClInclude Include="includes\xenon\models\notification.hpp">
      <Filter>Header Files</Filter>
    </ClInclude>
    <ClInclude Include="libs\imgui\imconfig.h">
      <Filter>Header Files</Filter>
    </ClInclude>
    <ClInclude Include="libs\imgui\imgui.h">
      <Filter>Header Files</Filter>
    </ClInclude>
    <ClInclude Include="libs\imgui\imgui_impl_dx9.h">
      <Filter>Header Files</Filter>
    </ClInclude>
    <ClInclude Include="libs\imgui\imgui_impl_dx10.h">
      <Filter>Header Files</Filter>
    </ClInclude>
    <ClInclude Include="libs\imgui\imgui_impl_dx11.h">
      <Filter>Header Files</Filter>
    </ClInclude>
    <ClInclude Include="libs\imgui\imgui_impl_dx12.h">
      <Filter>Header Files</Filter>
    </ClInclude>
    <ClInclude Include="libs\imgui\imgui_impl_opengl2.h">
      <Filter>Header Files</Filter>
    </ClInclude>
    <ClInclude Include="libs\imgui\imgui_impl_opengl3.h">
      <Filter>Header Files</Filter>
    </ClInclude>
    <ClInclude Include="libs\imgui\imgui_impl_opengl3_loader.h">
      <Filter>Header Files</Filter>
    </ClInclude>
    <ClInclude Include="libs\imgui\imgui_impl_win32.h">
      <Filter>Header Files</Filter>
    </ClInclude>
    <ClInclude Include="libs\imgui\imgui_internal.h">
      <Filter>Header Files</Filter>
    </ClInclude>
    <ClInclude Include="libs\imgui\imstb_rectpack.h">
      <Filter>Header Files</Filter>
    </ClInclude>
    <ClInclude Include="libs\imgui\imstb_textedit.h">
      <Filter>Header Files</Filter>
    </ClInclude>
    <ClInclude Include="libs\imgui\imstb_truetype.h">
      <Filter>Header Files</Filter>
    </ClInclude>
    <ClInclude Include="includes\xenon\models\profiles\target_profile.hpp">
      <Filter>Header Files</Filter>
    </ClInclude>
    <ClInclude Include="includes\xenon\models\enums\game_dimension.hpp">
      <Filter>Header Files</Filter>
    </ClInclude>
    <ClInclude Include="includes\xenon\models\waypoint.hpp">
      <Filter>Header Files</Filter>
    </ClInclude>
    <ClInclude Include="includes\xenon\models\enums\rendering_type.hpp">
      <Filter>Header Files</Filter>
    </ClInclude>
    <ClInclude Include="includes\xenon\models\enums\gameengine_type.hpp">
      <Filter>Header Files</Filter>
    </ClInclude>
    <ClInclude Include="includes\xenon\components\component.hpp">
      <Filter>Header Files</Filter>
    </ClInclude>
    <ClInclude Include="includes\xenon\components\services\aim_service.hpp">
      <Filter>Header Files</Filter>
    </ClInclude>
    <ClInclude Include="includes\xenon\components\services\lua_service.hpp">
      <Filter>Header Files</Filter>
    </ClInclude>
    <ClInclude Include="includes\xenon\components\services\memory_service.hpp">
      <Filter>Header Files</Filter>
    </ClInclude>
    <ClInclude Include="includes\xenon\components\services\notification_service.hpp">
      <Filter>Header Files</Filter>
    </ClInclude>
    <ClInclude Include="includes\xenon\components\services\ui_service.hpp">
      <Filter>Header Files</Filter>
    </ClInclude>
    <ClInclude Include="includes\xenon\components\features\waypoints.hpp">
      <Filter>Header Files</Filter>
    </ClInclude>
    <ClInclude Include="includes\xenon\components\features\aimbot.hpp">
      <Filter>Header Files</Filter>
    </ClInclude>
    <ClInclude Include="includes\xenon\components\features\esp.hpp">
      <Filter>Header Files</Filter>
    </ClInclude>
    <ClInclude Include="includes\xenon\components\features\game.hpp">
      <Filter>Header Files</Filter>
    </ClInclude>
    <ClInclude Include="includes\xenon\components\features\radar.hpp">
      <Filter>Header Files</Filter>
    </ClInclude>
    <ClInclude Include="includes\xenon\core\xenon_config.hpp">
      <Filter>Header Files</Filter>
    </ClInclude>
    <ClInclude Include="includes\xenon\core\xenon_core.hpp">
      <Filter>Header Files</Filter>
    </ClInclude>
    <ClInclude Include="includes\xenon\core\xenon_variables.hpp">
      <Filter>Header Files</Filter>
    </ClInclude>
    <ClInclude Include="includes\xenon\utility\unity\helper.hpp">
      <Filter>Header Files</Filter>
    </ClInclude>
    <ClInclude Include="libs\il2cpp_resolver\API\Callback.hpp">
      <Filter>Header Files</Filter>
    </ClInclude>
    <ClInclude Include="libs\il2cpp_resolver\API\Class.hpp">
      <Filter>Header Files</Filter>
    </ClInclude>
    <ClInclude Include="libs\il2cpp_resolver\API\Domain.hpp">
      <Filter>Header Files</Filter>
    </ClInclude>
    <ClInclude Include="libs\il2cpp_resolver\API\ResolveCall.hpp">
      <Filter>Header Files</Filter>
    </ClInclude>
    <ClInclude Include="libs\il2cpp_resolver\API\String.hpp">
      <Filter>Header Files</Filter>
    </ClInclude>
    <ClInclude Include="libs\il2cpp_resolver\API\Thread.hpp">
      <Filter>Header Files</Filter>
    </ClInclude>
    <ClInclude Include="libs\il2cpp_resolver\Unity\API\Camera.hpp">
      <Filter>Header Files</Filter>
    </ClInclude>
    <ClInclude Include="libs\il2cpp_resolver\Unity\API\Component.hpp">
      <Filter>Header Files</Filter>
    </ClInclude>
    <ClInclude Include="libs\il2cpp_resolver\Unity\API\GameObject.hpp">
      <Filter>Header Files</Filter>
    </ClInclude>
    <ClInclude Include="libs\il2cpp_resolver\Unity\API\LayerMask.hpp">
      <Filter>Header Files</Filter>
    </ClInclude>
    <ClInclude Include="libs\il2cpp_resolver\Unity\API\Object.hpp">
      <Filter>Header Files</Filter>
    </ClInclude>
    <ClInclude Include="libs\il2cpp_resolver\Unity\API\Rigidbody.hpp">
      <Filter>Header Files</Filter>
    </ClInclude>
    <ClInclude Include="libs\il2cpp_resolver\Unity\API\Transform.hpp">
      <Filter>Header Files</Filter>
    </ClInclude>
    <ClInclude Include="libs\il2cpp_resolver\Unity\Structures\Engine.hpp">
      <Filter>Header Files</Filter>
    </ClInclude>
    <ClInclude Include="libs\il2cpp_resolver\Unity\Structures\il2cpp.hpp">
      <Filter>Header Files</Filter>
    </ClInclude>
    <ClInclude Include="libs\il2cpp_resolver\Unity\Structures\il2cppArray.hpp">
      <Filter>Header Files</Filter>
    </ClInclude>
    <ClInclude Include="libs\il2cpp_resolver\Unity\Structures\il2cppDictionary.hpp">
      <Filter>Header Files</Filter>
    </ClInclude>
    <ClInclude Include="libs\il2cpp_resolver\Unity\Structures\System_String.hpp">
      <Filter>Header Files</Filter>
    </ClInclude>
    <ClInclude Include="libs\il2cpp_resolver\Unity\Defines.hpp">
      <Filter>Header Files</Filter>
    </ClInclude>
    <ClInclude Include="libs\il2cpp_resolver\Unity\Obfuscators.hpp">
      <Filter>Header Files</Filter>
    </ClInclude>
    <ClInclude Include="libs\il2cpp_resolver\Utils\Hash.hpp">
      <Filter>Header Files</Filter>
    </ClInclude>
    <ClInclude Include="libs\il2cpp_resolver\Utils\Helper.hpp">
      <Filter>Header Files</Filter>
    </ClInclude>
    <ClInclude Include="libs\il2cpp_resolver\Utils\VTable.hpp">
      <Filter>Header Files</Filter>
    </ClInclude>
    <ClInclude Include="libs\il2cpp_resolver\Data.hpp">
      <Filter>Header Files</Filter>
    </ClInclude>
    <ClInclude Include="libs\il2cpp_resolver\Defines.hpp">
      <Filter>Header Files</Filter>
    </ClInclude>
    <ClInclude Include="libs\il2cpp_resolver\il2cpp_resolver.hpp">
      <Filter>Header Files</Filter>
    </ClInclude>
    <ClInclude Include="libs\il2cpp_resolver\SystemTypeCache.hpp">
      <Filter>Header Files</Filter>
    </ClInclude>
    <ClInclude Include="includes\xenon\components\services\injection_service.hpp">
      <Filter>Header Files</Filter>
    </ClInclude>
    <ClInclude Include="includes\xenon\models\structs\manual_mapping_data.hpp">
      <Filter>Header Files</Filter>
    </ClInclude>
    <ClInclude Include="libs\ImGuiColorTextEdit\TextEditor.h">
      <Filter>Header Files</Filter>
    </ClInclude>
    <ClInclude Include="includes\xenon\utility\utilities.hpp">
      <Filter>Header Files</Filter>
    </ClInclude>
    <ClInclude Include="libs\UniversalHookX\hooks\backend\dx9\hook_directx9.hpp">
      <Filter>Header Files</Filter>
    </ClInclude>
    <ClInclude Include="libs\UniversalHookX\hooks\backend\dx10\hook_directx10.hpp">
      <Filter>Header Files</Filter>
    </ClInclude>
    <ClInclude Include="libs\UniversalHookX\hooks\backend\dx11\hook_directx11.hpp">
      <Filter>Header Files</Filter>
    </ClInclude>
    <ClInclude Include="libs\UniversalHookX\hooks\backend\dx12\hook_directx12.hpp">
      <Filter>Header Files</Filter>
    </ClInclude>
    <ClInclude Include="libs\UniversalHookX\hooks\backend\opengl\hook_opengl.hpp">
      <Filter>Header Files</Filter>
    </ClInclude>
    <ClInclude Include="libs\UniversalHookX\hooks\backend\vulkan\hook_vulkan.hpp">
      <Filter>Header Files</Filter>
    </ClInclude>
    <ClInclude Include="libs\UniversalHookX\hooks\hooks.hpp">
      <Filter>Header Files</Filter>
    </ClInclude>
    <ClInclude Include="libs\UniversalHookX\utils\utils.hpp">
      <Filter>Header Files</Filter>
    </ClInclude>
    <ClInclude Include="libs\UniversalHookX\backend.hpp">
      <Filter>Header Files</Filter>
    </ClInclude>
  </ItemGroup>
  <ItemGroup>
    <ClCompile Include="src\core\game.cpp">
      <Filter>Source Files</Filter>
    </ClCompile>
    <ClCompile Include="src\core\system.cpp">
      <Filter>Source Files</Filter>
    </ClCompile>
    <ClCompile Include="src\core\builder.cpp">
      <Filter>Source Files</Filter>
    </ClCompile>
    <ClCompile Include="libs\minhook\src\hde\hde32.c">
      <Filter>Source Files</Filter>
    </ClCompile>
    <ClCompile Include="libs\minhook\src\hde\hde64.c">
      <Filter>Source Files</Filter>
    </ClCompile>
    <ClCompile Include="libs\minhook\src\buffer.c">
      <Filter>Source Files</Filter>
    </ClCompile>
    <ClCompile Include="libs\minhook\src\hook.c">
      <Filter>Source Files</Filter>
    </ClCompile>
    <ClCompile Include="libs\minhook\src\trampoline.c">
      <Filter>Source Files</Filter>
    </ClCompile>
    <ClCompile Include="src\core\cheat.cpp">
      <Filter>Source Files</Filter>
    </ClCompile>
    <ClCompile Include="libs\lua\lapi.c">
      <Filter>Source Files</Filter>
    </ClCompile>
    <ClCompile Include="libs\lua\lauxlib.c">
      <Filter>Source Files</Filter>
    </ClCompile>
    <ClCompile Include="libs\lua\lbaselib.c">
      <Filter>Source Files</Filter>
    </ClCompile>
    <ClCompile Include="libs\lua\lcode.c">
      <Filter>Source Files</Filter>
    </ClCompile>
    <ClCompile Include="libs\lua\lcorolib.c">
      <Filter>Source Files</Filter>
    </ClCompile>
    <ClCompile Include="libs\lua\lctype.c">
      <Filter>Source Files</Filter>
    </ClCompile>
    <ClCompile Include="libs\lua\ldblib.c">
      <Filter>Source Files</Filter>
    </ClCompile>
    <ClCompile Include="libs\lua\ldebug.c">
      <Filter>Source Files</Filter>
    </ClCompile>
    <ClCompile Include="libs\lua\ldo.c">
      <Filter>Source Files</Filter>
    </ClCompile>
    <ClCompile Include="libs\lua\ldump.c">
      <Filter>Source Files</Filter>
    </ClCompile>
    <ClCompile Include="libs\lua\lfunc.c">
      <Filter>Source Files</Filter>
    </ClCompile>
    <ClCompile Include="libs\lua\lgc.c">
      <Filter>Source Files</Filter>
    </ClCompile>
    <ClCompile Include="libs\lua\linit.c">
      <Filter>Source Files</Filter>
    </ClCompile>
    <ClCompile Include="libs\lua\liolib.c">
      <Filter>Source Files</Filter>
    </ClCompile>
    <ClCompile Include="libs\lua\llex.c">
      <Filter>Source Files</Filter>
    </ClCompile>
    <ClCompile Include="libs\lua\lmathlib.c">
      <Filter>Source Files</Filter>
    </ClCompile>
    <ClCompile Include="libs\lua\lmem.c">
      <Filter>Source Files</Filter>
    </ClCompile>
    <ClCompile Include="libs\lua\loadlib.c">
      <Filter>Source Files</Filter>
    </ClCompile>
    <ClCompile Include="libs\lua\lobject.c">
      <Filter>Source Files</Filter>
    </ClCompile>
    <ClCompile Include="libs\lua\lopcodes.c">
      <Filter>Source Files</Filter>
    </ClCompile>
    <ClCompile Include="libs\lua\loslib.c">
      <Filter>Source Files</Filter>
    </ClCompile>
    <ClCompile Include="libs\lua\lparser.c">
      <Filter>Source Files</Filter>
    </ClCompile>
    <ClCompile Include="libs\lua\lstate.c">
      <Filter>Source Files</Filter>
    </ClCompile>
    <ClCompile Include="libs\lua\lstring.c">
      <Filter>Source Files</Filter>
    </ClCompile>
    <ClCompile Include="libs\lua\lstrlib.c">
      <Filter>Source Files</Filter>
    </ClCompile>
    <ClCompile Include="libs\lua\ltable.c">
      <Filter>Source Files</Filter>
    </ClCompile>
    <ClCompile Include="libs\lua\ltablib.c">
      <Filter>Source Files</Filter>
    </ClCompile>
    <ClCompile Include="libs\lua\ltm.c">
      <Filter>Source Files</Filter>
    </ClCompile>
    <ClCompile Include="libs\lua\lua.c">
      <Filter>Source Files</Filter>
    </ClCompile>
    <ClCompile Include="libs\lua\luac.c">
      <Filter>Source Files</Filter>
    </ClCompile>
    <ClCompile Include="libs\lua\lundump.c">
      <Filter>Source Files</Filter>
    </ClCompile>
    <ClCompile Include="libs\lua\lutf8lib.c">
      <Filter>Source Files</Filter>
    </ClCompile>
    <ClCompile Include="libs\lua\lvm.c">
      <Filter>Source Files</Filter>
    </ClCompile>
    <ClCompile Include="libs\lua\lzio.c">
      <Filter>Source Files</Filter>
    </ClCompile>
    <ClCompile Include="includes\xenon\utility\imgui_helper.hpp">
      <Filter>Source Files</Filter>
    </ClCompile>
    <ClCompile Include="includes\xenon\models\enums\unrealengine_version.hpp">
      <Filter>Source Files</Filter>
    </ClCompile>
    <ClCompile Include="libs\imgui\imgui.cpp">
      <Filter>Source Files</Filter>
    </ClCompile>
    <ClCompile Include="libs\imgui\imgui_draw.cpp">
      <Filter>Source Files</Filter>
    </ClCompile>
    <ClCompile Include="libs\imgui\imgui_impl_dx9.cpp">
      <Filter>Source Files</Filter>
    </ClCompile>
    <ClCompile Include="libs\imgui\imgui_impl_dx10.cpp">
      <Filter>Source Files</Filter>
    </ClCompile>
    <ClCompile Include="libs\imgui\imgui_impl_dx11.cpp">
      <Filter>Source Files</Filter>
    </ClCompile>
    <ClCompile Include="libs\imgui\imgui_impl_dx12.cpp">
      <Filter>Source Files</Filter>
    </ClCompile>
    <ClCompile Include="libs\imgui\imgui_impl_opengl2.cpp">
      <Filter>Source Files</Filter>
    </ClCompile>
    <ClCompile Include="libs\imgui\imgui_impl_opengl3.cpp">
      <Filter>Source Files</Filter>
    </ClCompile>
    <ClCompile Include="libs\imgui\imgui_impl_win32.cpp">
      <Filter>Source Files</Filter>
    </ClCompile>
    <ClCompile Include="libs\imgui\imgui_tables.cpp">
      <Filter>Source Files</Filter>
    </ClCompile>
    <ClCompile Include="libs\imgui\imgui_widgets.cpp">
      <Filter>Source Files</Filter>
    </ClCompile>
    <ClCompile Include="includes\xenon\models\enums\injection_type.hpp">
      <Filter>Source Files</Filter>
    </ClCompile>
    <ClCompile Include="src\components\features\waypoints.cpp">
      <Filter>Source Files</Filter>
    </ClCompile>
    <ClCompile Include="src\components\features\aimbot.cpp">
      <Filter>Source Files</Filter>
    </ClCompile>
    <ClCompile Include="src\components\features\esp.cpp">
      <Filter>Source Files</Filter>
    </ClCompile>
    <ClCompile Include="src\components\features\radar.cpp">
      <Filter>Source Files</Filter>
    </ClCompile>
    <ClCompile Include="src\components\services\aim_service.cpp">
      <Filter>Source Files</Filter>
    </ClCompile>
    <ClCompile Include="src\components\services\injection_service.cpp">
      <Filter>Source Files</Filter>
    </ClCompile>
    <ClCompile Include="src\components\services\lua_service.cpp">
      <Filter>Source Files</Filter>
    </ClCompile>
    <ClCompile Include="src\components\services\memory_service.cpp">
      <Filter>Source Files</Filter>
    </ClCompile>
    <ClCompile Include="src\components\services\notification_service.cpp">
      <Filter>Source Files</Filter>
    </ClCompile>
    <ClCompile Include="src\components\services\ui_service.cpp">
      <Filter>Source Files</Filter>
    </ClCompile>
    <ClCompile Include="libs\ImGuiColorTextEdit\TextEditor.cpp">
      <Filter>Source Files</Filter>
    </ClCompile>
    <ClCompile Include="libs\UniversalHookX\hooks\backend\dx9\hook_directx9.cpp">
      <Filter>Source Files</Filter>
    </ClCompile>
    <ClCompile Include="libs\UniversalHookX\hooks\backend\dx10\hook_directx10.cpp">
      <Filter>Source Files</Filter>
    </ClCompile>
    <ClCompile Include="libs\UniversalHookX\hooks\backend\dx11\hook_directx11.cpp">
      <Filter>Source Files</Filter>
    </ClCompile>
    <ClCompile Include="libs\UniversalHookX\hooks\backend\dx12\hook_directx12.cpp">
      <Filter>Source Files</Filter>
    </ClCompile>
    <ClCompile Include="libs\UniversalHookX\hooks\backend\opengl\hook_opengl.cpp">
      <Filter>Source Files</Filter>
    </ClCompile>
    <ClCompile Include="libs\UniversalHookX\hooks\backend\vulkan\hook_vulkan.cpp">
      <Filter>Source Files</Filter>
    </ClCompile>
    <ClCompile Include="libs\UniversalHookX\hooks\hooks.cpp">
      <Filter>Source Files</Filter>
    </ClCompile>
    <ClCompile Include="libs\UniversalHookX\utils\utils.cpp">
      <Filter>Source Files</Filter>
    </ClCompile>
  </ItemGroup>
  <ItemGroup>
    <None Include="libs\minhook\dll_resources\MinHook.def">
      <Filter>Source Files</Filter>
    </None>
  </ItemGroup>
  <ItemGroup>
    <ResourceCompile Include="libs\minhook\dll_resources\MinHook.rc">
      <Filter>Resource Files</Filter>
    </ResourceCompile>
  </ItemGroup>
</Project>