
Microsoft Visual Studio Solution File, Format Version 12.00
# Visual Studio Version 17
VisualStudioVersion = 17.9.34728.123
MinimumVisualStudioVersion = 10.0.40219.1
Project("{8BC9CEB8-8B4A-11D0-8D11-00A0C91BC942}") = "xenon", "xenon\xenon.vcxproj", "{CF4E571A-3E0D-4B51-B99B-E94E62585433}"
EndProject
Global
	GlobalSection(SolutionConfigurationPlatforms) = preSolution
		Debug|ARM = Debug|ARM
		Debug|x64 = Debug|x64
		Debug|x86 = Debug|x86
		Release|ARM = Release|ARM
		Release|x64 = Release|x64
		Release|x86 = Release|x86
	EndGlobalSection
	GlobalSection(ProjectConfigurationPlatforms) = postSolution
		{CF4E571A-3E0D-4B51-B99B-E94E62585433}.Debug|ARM.ActiveCfg = Debug|x64
		{CF4E571A-3E0D-4B51-B99B-E94E62585433}.Debug|ARM.Build.0 = Debug|x64
		{CF4E571A-3E0D-4B51-B99B-E94E62585433}.Debug|x64.ActiveCfg = Debug|x64
		{CF4E571A-3E0D-4B51-B99B-E94E62585433}.Debug|x64.Build.0 = Debug|x64
		{CF4E571A-3E0D-4B51-B99B-E94E62585433}.Debug|x86.ActiveCfg = Debug|Win32
		{CF4E571A-3E0D-4B51-B99B-E94E62585433}.Debug|x86.Build.0 = Debug|Win32
		{CF4E571A-3E0D-4B51-B99B-E94E62585433}.Release|ARM.ActiveCfg = Release|x64
		{CF4E571A-3E0D-4B51-B99B-E94E62585433}.Release|ARM.Build.0 = Release|x64
		{CF4E571A-3E0D-4B51-B99B-E94E62585433}.Release|x64.ActiveCfg = Release|x64
		{CF4E571A-3E0D-4B51-B99B-E94E62585433}.Release|x64.Build.0 = Release|x64
		{CF4E571A-3E0D-4B51-B99B-E94E62585433}.Release|x86.ActiveCfg = Release|Win32
		{CF4E571A-3E0D-4B51-B99B-E94E62585433}.Release|x86.Build.0 = Release|Win32
	EndGlobalSection
	GlobalSection(SolutionProperties) = preSolution
		HideSolutionNode = FALSE
	EndGlobalSection
	GlobalSection(ExtensibilityGlobals) = postSolution
		SolutionGuid = {623F2357-A791-49A0-9337-563C7427500C}
	EndGlobalSection
EndGlobal
