
Microsoft Visual Studio Solution File, Format Version 12.00
# Visual Studio Version 17
VisualStudioVersion = 17.9.34728.123
MinimumVisualStudioVersion = 10.0.40219.1
Project("{8BC9CEB8-8B4A-11D0-8D11-00A0C91BC942}") = "xenon", "xenon\xenon.vcxproj", "{CF4E571A-3E0D-4B51-B99B-E94E62585433}"
EndProject
Project("{8BC9CEB8-8B4A-11D0-8D11-00A0C91BC942}") = "test-demo-external", "test-demo-external\test-demo-external.vcxproj", "{4ABA4E16-52F4-4176-AF6F-5059B5596BD1}"
EndProject
Project("{8BC9CEB8-8B4A-11D0-8D11-00A0C91BC942}") = "example-ddnet-external", "example-ddnet-external\example-ddnet-external.vcxproj", "{D65295A7-B8B0-4286-86A1-164ADDFAAE0C}"
EndProject
Project("{8BC9CEB8-8B4A-11D0-8D11-00A0C91BC942}") = "example-oar-internal", "example-oar-internal\example-oar-internal.vcxproj", "{2C9E8447-CBB7-4348-B3D5-876C1BEE8B42}"
EndProject
Project("{8BC9CEB8-8B4A-11D0-8D11-00A0C91BC942}") = "example-assaultcube-external", "example-assaultcube-externalx86\example-assaultcube-externalx86.vcxproj", "{D9EFA3CC-92AB-4FFD-92A3-0D4E5CA91BC6}"
EndProject
Project("{8BC9CEB8-8B4A-11D0-8D11-00A0C91BC942}") = "example-amongus-internal", "example-amongus-internal\example-amongus-internal.vcxproj", "{42DCA240-DB78-4FF1-8AC7-3DB9A73AC32B}"
EndProject
Project("{8BC9CEB8-8B4A-11D0-8D11-00A0C91BC942}") = "example-auto-injector", "example-auto-injector\example-auto-injector.vcxproj", "{E8FECB4E-0E55-4FD8-8401-D96BAE058C38}"
EndProject
Project("{8BC9CEB8-8B4A-11D0-8D11-00A0C91BC942}") = "example-redmatch2-internal", "example-redmatch2-internal\example-redmatch2-internal.vcxproj", "{938A056E-C465-4CA1-9373-191F1DD3A729}"
EndProject
Project("{8BC9CEB8-8B4A-11D0-8D11-00A0C91BC942}") = "example-marvelrivals-internal", "example-marvelrivals-internal\example-marvelrivals-internal.vcxproj", "{11344668-C2CA-48E2-99C3-DEC745FD8665}"
EndProject
Project("{8BC9CEB8-8B4A-11D0-8D11-00A0C91BC942}") = "example-ohd-internal", "example-ohd-internal\example-ohd-internal.vcxproj", "{D86CCD02-5029-42AC-8189-05469731DBF9}"
EndProject
Project("{8BC9CEB8-8B4A-11D0-8D11-00A0C91BC942}") = "example-apewar-internal", "example-apewar-internal\example-apewar-internal.vcxproj", "{5ECE0C12-D62A-48FE-A8BC-5B4C160077B6}"
EndProject
Global
	GlobalSection(SolutionConfigurationPlatforms) = preSolution
		Debug|ARM = Debug|ARM
		Debug|x64 = Debug|x64
		Debug|x86 = Debug|x86
		Release|ARM = Release|ARM
		Release|x64 = Release|x64
		Release|x86 = Release|x86
	EndGlobalSection
	GlobalSection(ProjectConfigurationPlatforms) = postSolution
		{CF4E571A-3E0D-4B51-B99B-E94E62585433}.Debug|ARM.ActiveCfg = Debug|x64
		{CF4E571A-3E0D-4B51-B99B-E94E62585433}.Debug|ARM.Build.0 = Debug|x64
		{CF4E571A-3E0D-4B51-B99B-E94E62585433}.Debug|x64.ActiveCfg = Debug|x64
		{CF4E571A-3E0D-4B51-B99B-E94E62585433}.Debug|x64.Build.0 = Debug|x64
		{CF4E571A-3E0D-4B51-B99B-E94E62585433}.Debug|x86.ActiveCfg = Debug|Win32
		{CF4E571A-3E0D-4B51-B99B-E94E62585433}.Debug|x86.Build.0 = Debug|Win32
		{CF4E571A-3E0D-4B51-B99B-E94E62585433}.Release|ARM.ActiveCfg = Release|x64
		{CF4E571A-3E0D-4B51-B99B-E94E62585433}.Release|ARM.Build.0 = Release|x64
		{CF4E571A-3E0D-4B51-B99B-E94E62585433}.Release|x64.ActiveCfg = Release|x64
		{CF4E571A-3E0D-4B51-B99B-E94E62585433}.Release|x64.Build.0 = Release|x64
		{CF4E571A-3E0D-4B51-B99B-E94E62585433}.Release|x86.ActiveCfg = Release|Win32
		{CF4E571A-3E0D-4B51-B99B-E94E62585433}.Release|x86.Build.0 = Release|Win32
		{4ABA4E16-52F4-4176-AF6F-5059B5596BD1}.Debug|ARM.ActiveCfg = Debug|x64
		{4ABA4E16-52F4-4176-AF6F-5059B5596BD1}.Debug|ARM.Build.0 = Debug|x64
		{4ABA4E16-52F4-4176-AF6F-5059B5596BD1}.Debug|x64.ActiveCfg = Debug|x64
		{4ABA4E16-52F4-4176-AF6F-5059B5596BD1}.Debug|x64.Build.0 = Debug|x64
		{4ABA4E16-52F4-4176-AF6F-5059B5596BD1}.Debug|x86.ActiveCfg = Debug|Win32
		{4ABA4E16-52F4-4176-AF6F-5059B5596BD1}.Debug|x86.Build.0 = Debug|Win32
		{4ABA4E16-52F4-4176-AF6F-5059B5596BD1}.Release|ARM.ActiveCfg = Release|x64
		{4ABA4E16-52F4-4176-AF6F-5059B5596BD1}.Release|ARM.Build.0 = Release|x64
		{4ABA4E16-52F4-4176-AF6F-5059B5596BD1}.Release|x64.ActiveCfg = Release|x64
		{4ABA4E16-52F4-4176-AF6F-5059B5596BD1}.Release|x64.Build.0 = Release|x64
		{4ABA4E16-52F4-4176-AF6F-5059B5596BD1}.Release|x86.ActiveCfg = Release|Win32
		{4ABA4E16-52F4-4176-AF6F-5059B5596BD1}.Release|x86.Build.0 = Release|Win32
		{D65295A7-B8B0-4286-86A1-164ADDFAAE0C}.Debug|ARM.ActiveCfg = Debug|x64
		{D65295A7-B8B0-4286-86A1-164ADDFAAE0C}.Debug|ARM.Build.0 = Debug|x64
		{D65295A7-B8B0-4286-86A1-164ADDFAAE0C}.Debug|x64.ActiveCfg = Debug|x64
		{D65295A7-B8B0-4286-86A1-164ADDFAAE0C}.Debug|x64.Build.0 = Debug|x64
		{D65295A7-B8B0-4286-86A1-164ADDFAAE0C}.Debug|x86.ActiveCfg = Debug|Win32
		{D65295A7-B8B0-4286-86A1-164ADDFAAE0C}.Debug|x86.Build.0 = Debug|Win32
		{D65295A7-B8B0-4286-86A1-164ADDFAAE0C}.Release|ARM.ActiveCfg = Release|x64
		{D65295A7-B8B0-4286-86A1-164ADDFAAE0C}.Release|ARM.Build.0 = Release|x64
		{D65295A7-B8B0-4286-86A1-164ADDFAAE0C}.Release|x64.ActiveCfg = Release|x64
		{D65295A7-B8B0-4286-86A1-164ADDFAAE0C}.Release|x64.Build.0 = Release|x64
		{D65295A7-B8B0-4286-86A1-164ADDFAAE0C}.Release|x86.ActiveCfg = Release|Win32
		{D65295A7-B8B0-4286-86A1-164ADDFAAE0C}.Release|x86.Build.0 = Release|Win32
		{2C9E8447-CBB7-4348-B3D5-876C1BEE8B42}.Debug|ARM.ActiveCfg = Debug|x64
		{2C9E8447-CBB7-4348-B3D5-876C1BEE8B42}.Debug|ARM.Build.0 = Debug|x64
		{2C9E8447-CBB7-4348-B3D5-876C1BEE8B42}.Debug|x64.ActiveCfg = Debug|x64
		{2C9E8447-CBB7-4348-B3D5-876C1BEE8B42}.Debug|x64.Build.0 = Debug|x64
		{2C9E8447-CBB7-4348-B3D5-876C1BEE8B42}.Debug|x86.ActiveCfg = Debug|Win32
		{2C9E8447-CBB7-4348-B3D5-876C1BEE8B42}.Debug|x86.Build.0 = Debug|Win32
		{2C9E8447-CBB7-4348-B3D5-876C1BEE8B42}.Release|ARM.ActiveCfg = Release|x64
		{2C9E8447-CBB7-4348-B3D5-876C1BEE8B42}.Release|ARM.Build.0 = Release|x64
		{2C9E8447-CBB7-4348-B3D5-876C1BEE8B42}.Release|x64.ActiveCfg = Release|x64
		{2C9E8447-CBB7-4348-B3D5-876C1BEE8B42}.Release|x64.Build.0 = Release|x64
		{2C9E8447-CBB7-4348-B3D5-876C1BEE8B42}.Release|x86.ActiveCfg = Release|Win32
		{2C9E8447-CBB7-4348-B3D5-876C1BEE8B42}.Release|x86.Build.0 = Release|Win32
		{D9EFA3CC-92AB-4FFD-92A3-0D4E5CA91BC6}.Debug|ARM.ActiveCfg = Debug|Win32
		{D9EFA3CC-92AB-4FFD-92A3-0D4E5CA91BC6}.Debug|ARM.Build.0 = Debug|Win32
		{D9EFA3CC-92AB-4FFD-92A3-0D4E5CA91BC6}.Debug|x64.ActiveCfg = Debug|x64
		{D9EFA3CC-92AB-4FFD-92A3-0D4E5CA91BC6}.Debug|x64.Build.0 = Debug|x64
		{D9EFA3CC-92AB-4FFD-92A3-0D4E5CA91BC6}.Debug|x86.ActiveCfg = Debug|Win32
		{D9EFA3CC-92AB-4FFD-92A3-0D4E5CA91BC6}.Debug|x86.Build.0 = Debug|Win32
		{D9EFA3CC-92AB-4FFD-92A3-0D4E5CA91BC6}.Release|ARM.ActiveCfg = Release|ARM
		{D9EFA3CC-92AB-4FFD-92A3-0D4E5CA91BC6}.Release|ARM.Build.0 = Release|ARM
		{D9EFA3CC-92AB-4FFD-92A3-0D4E5CA91BC6}.Release|x64.ActiveCfg = Release|x64
		{D9EFA3CC-92AB-4FFD-92A3-0D4E5CA91BC6}.Release|x64.Build.0 = Release|x64
		{D9EFA3CC-92AB-4FFD-92A3-0D4E5CA91BC6}.Release|x86.ActiveCfg = Release|Win32
		{D9EFA3CC-92AB-4FFD-92A3-0D4E5CA91BC6}.Release|x86.Build.0 = Release|Win32
		{42DCA240-DB78-4FF1-8AC7-3DB9A73AC32B}.Debug|ARM.ActiveCfg = Debug|x64
		{42DCA240-DB78-4FF1-8AC7-3DB9A73AC32B}.Debug|ARM.Build.0 = Debug|x64
		{42DCA240-DB78-4FF1-8AC7-3DB9A73AC32B}.Debug|x64.ActiveCfg = Debug|x64
		{42DCA240-DB78-4FF1-8AC7-3DB9A73AC32B}.Debug|x64.Build.0 = Debug|x64
		{42DCA240-DB78-4FF1-8AC7-3DB9A73AC32B}.Debug|x86.ActiveCfg = Debug|Win32
		{42DCA240-DB78-4FF1-8AC7-3DB9A73AC32B}.Debug|x86.Build.0 = Debug|Win32
		{42DCA240-DB78-4FF1-8AC7-3DB9A73AC32B}.Release|ARM.ActiveCfg = Release|x64
		{42DCA240-DB78-4FF1-8AC7-3DB9A73AC32B}.Release|ARM.Build.0 = Release|x64
		{42DCA240-DB78-4FF1-8AC7-3DB9A73AC32B}.Release|x64.ActiveCfg = Release|x64
		{42DCA240-DB78-4FF1-8AC7-3DB9A73AC32B}.Release|x64.Build.0 = Release|x64
		{42DCA240-DB78-4FF1-8AC7-3DB9A73AC32B}.Release|x86.ActiveCfg = Release|Win32
		{42DCA240-DB78-4FF1-8AC7-3DB9A73AC32B}.Release|x86.Build.0 = Release|Win32
		{E8FECB4E-0E55-4FD8-8401-D96BAE058C38}.Debug|ARM.ActiveCfg = Debug|x64
		{E8FECB4E-0E55-4FD8-8401-D96BAE058C38}.Debug|ARM.Build.0 = Debug|x64
		{E8FECB4E-0E55-4FD8-8401-D96BAE058C38}.Debug|x64.ActiveCfg = Debug|x64
		{E8FECB4E-0E55-4FD8-8401-D96BAE058C38}.Debug|x64.Build.0 = Debug|x64
		{E8FECB4E-0E55-4FD8-8401-D96BAE058C38}.Debug|x86.ActiveCfg = Debug|Win32
		{E8FECB4E-0E55-4FD8-8401-D96BAE058C38}.Debug|x86.Build.0 = Debug|Win32
		{E8FECB4E-0E55-4FD8-8401-D96BAE058C38}.Release|ARM.ActiveCfg = Release|x64
		{E8FECB4E-0E55-4FD8-8401-D96BAE058C38}.Release|ARM.Build.0 = Release|x64
		{E8FECB4E-0E55-4FD8-8401-D96BAE058C38}.Release|x64.ActiveCfg = Release|x64
		{E8FECB4E-0E55-4FD8-8401-D96BAE058C38}.Release|x64.Build.0 = Release|x64
		{E8FECB4E-0E55-4FD8-8401-D96BAE058C38}.Release|x86.ActiveCfg = Release|Win32
		{E8FECB4E-0E55-4FD8-8401-D96BAE058C38}.Release|x86.Build.0 = Release|Win32
		{938A056E-C465-4CA1-9373-191F1DD3A729}.Debug|ARM.ActiveCfg = Debug|x64
		{938A056E-C465-4CA1-9373-191F1DD3A729}.Debug|ARM.Build.0 = Debug|x64
		{938A056E-C465-4CA1-9373-191F1DD3A729}.Debug|x64.ActiveCfg = Debug|x64
		{938A056E-C465-4CA1-9373-191F1DD3A729}.Debug|x64.Build.0 = Debug|x64
		{938A056E-C465-4CA1-9373-191F1DD3A729}.Debug|x86.ActiveCfg = Debug|Win32
		{938A056E-C465-4CA1-9373-191F1DD3A729}.Debug|x86.Build.0 = Debug|Win32
		{938A056E-C465-4CA1-9373-191F1DD3A729}.Release|ARM.ActiveCfg = Release|x64
		{938A056E-C465-4CA1-9373-191F1DD3A729}.Release|ARM.Build.0 = Release|x64
		{938A056E-C465-4CA1-9373-191F1DD3A729}.Release|x64.ActiveCfg = Release|x64
		{938A056E-C465-4CA1-9373-191F1DD3A729}.Release|x64.Build.0 = Release|x64
		{938A056E-C465-4CA1-9373-191F1DD3A729}.Release|x86.ActiveCfg = Release|Win32
		{938A056E-C465-4CA1-9373-191F1DD3A729}.Release|x86.Build.0 = Release|Win32
		{11344668-C2CA-48E2-99C3-DEC745FD8665}.Debug|ARM.ActiveCfg = Debug|x64
		{11344668-C2CA-48E2-99C3-DEC745FD8665}.Debug|ARM.Build.0 = Debug|x64
		{11344668-C2CA-48E2-99C3-DEC745FD8665}.Debug|x64.ActiveCfg = Debug|x64
		{11344668-C2CA-48E2-99C3-DEC745FD8665}.Debug|x64.Build.0 = Debug|x64
		{11344668-C2CA-48E2-99C3-DEC745FD8665}.Debug|x86.ActiveCfg = Debug|Win32
		{11344668-C2CA-48E2-99C3-DEC745FD8665}.Debug|x86.Build.0 = Debug|Win32
		{11344668-C2CA-48E2-99C3-DEC745FD8665}.Release|ARM.ActiveCfg = Release|x64
		{11344668-C2CA-48E2-99C3-DEC745FD8665}.Release|ARM.Build.0 = Release|x64
		{11344668-C2CA-48E2-99C3-DEC745FD8665}.Release|x64.ActiveCfg = Release|x64
		{11344668-C2CA-48E2-99C3-DEC745FD8665}.Release|x64.Build.0 = Release|x64
		{11344668-C2CA-48E2-99C3-DEC745FD8665}.Release|x86.ActiveCfg = Release|Win32
		{11344668-C2CA-48E2-99C3-DEC745FD8665}.Release|x86.Build.0 = Release|Win32
		{D86CCD02-5029-42AC-8189-05469731DBF9}.Debug|ARM.ActiveCfg = Debug|x64
		{D86CCD02-5029-42AC-8189-05469731DBF9}.Debug|ARM.Build.0 = Debug|x64
		{D86CCD02-5029-42AC-8189-05469731DBF9}.Debug|x64.ActiveCfg = Debug|x64
		{D86CCD02-5029-42AC-8189-05469731DBF9}.Debug|x64.Build.0 = Debug|x64
		{D86CCD02-5029-42AC-8189-05469731DBF9}.Debug|x86.ActiveCfg = Debug|Win32
		{D86CCD02-5029-42AC-8189-05469731DBF9}.Debug|x86.Build.0 = Debug|Win32
		{D86CCD02-5029-42AC-8189-05469731DBF9}.Release|ARM.ActiveCfg = Release|x64
		{D86CCD02-5029-42AC-8189-05469731DBF9}.Release|ARM.Build.0 = Release|x64
		{D86CCD02-5029-42AC-8189-05469731DBF9}.Release|x64.ActiveCfg = Release|x64
		{D86CCD02-5029-42AC-8189-05469731DBF9}.Release|x64.Build.0 = Release|x64
		{D86CCD02-5029-42AC-8189-05469731DBF9}.Release|x86.ActiveCfg = Release|Win32
		{D86CCD02-5029-42AC-8189-05469731DBF9}.Release|x86.Build.0 = Release|Win32
		{5ECE0C12-D62A-48FE-A8BC-5B4C160077B6}.Debug|ARM.ActiveCfg = Debug|x64
		{5ECE0C12-D62A-48FE-A8BC-5B4C160077B6}.Debug|ARM.Build.0 = Debug|x64
		{5ECE0C12-D62A-48FE-A8BC-5B4C160077B6}.Debug|x64.ActiveCfg = Debug|x64
		{5ECE0C12-D62A-48FE-A8BC-5B4C160077B6}.Debug|x64.Build.0 = Debug|x64
		{5ECE0C12-D62A-48FE-A8BC-5B4C160077B6}.Debug|x86.ActiveCfg = Debug|Win32
		{5ECE0C12-D62A-48FE-A8BC-5B4C160077B6}.Debug|x86.Build.0 = Debug|Win32
		{5ECE0C12-D62A-48FE-A8BC-5B4C160077B6}.Release|ARM.ActiveCfg = Release|x64
		{5ECE0C12-D62A-48FE-A8BC-5B4C160077B6}.Release|ARM.Build.0 = Release|x64
		{5ECE0C12-D62A-48FE-A8BC-5B4C160077B6}.Release|x64.ActiveCfg = Release|x64
		{5ECE0C12-D62A-48FE-A8BC-5B4C160077B6}.Release|x64.Build.0 = Release|x64
		{5ECE0C12-D62A-48FE-A8BC-5B4C160077B6}.Release|x86.ActiveCfg = Release|Win32
		{5ECE0C12-D62A-48FE-A8BC-5B4C160077B6}.Release|x86.Build.0 = Release|Win32
	EndGlobalSection
	GlobalSection(SolutionProperties) = preSolution
		HideSolutionNode = FALSE
	EndGlobalSection
	GlobalSection(ExtensibilityGlobals) = postSolution
		SolutionGuid = {623F2357-A791-49A0-9337-563C7427500C}
	EndGlobalSection
EndGlobal
